Microsoft Visual Studio Solution File, Format Version 11.00
# Visual Studio 2008

Project("{1D588C61-7D29-24EE-0E7C-314602F7B2D4}") = "NanuGong", "Assembly-CSharp.csproj", "{E41F9A5D-9C9E-7B5C-80D0-65DC707DD94B}"
EndProject
Project("{1D588C61-7D29-24EE-0E7C-314602F7B2D4}") = "NanuGong", "Assembly-CSharp-Editor.csproj", "{75CA60A1-B86A-1140-EA7C-93494FDE5C2B}"
EndProject
Global
	GlobalSection(SolutionConfigurationPlatforms) = preSolution
		Debug|Any CPU = Debug|Any CPU
		Release|Any CPU = Release|Any CPU
	EndGlobalSection
	GlobalSection(ProjectConfigurationPlatforms) = postSolution
		{E41F9A5D-9C9E-7B5C-80D0-65DC707DD94B}.Debug|Any CPU.ActiveCfg = Debug|Any CPU
		{E41F9A5D-9C9E-7B5C-80D0-65DC707DD94B}.Debug|Any CPU.Build.0 = Debug|Any CPU
		{E41F9A5D-9C9E-7B5C-80D0-65DC707DD94B}.Release|Any CPU.ActiveCfg = Release|Any CPU
		{E41F9A5D-9C9E-7B5C-80D0-65DC707DD94B}.Release|Any CPU.Build.0 = Release|Any CPU
		{75CA60A1-B86A-1140-EA7C-93494FDE5C2B}.Debug|Any CPU.ActiveCfg = Debug|Any CPU
		{75CA60A1-B86A-1140-EA7C-93494FDE5C2B}.Debug|Any CPU.Build.0 = Debug|Any CPU
		{75CA60A1-B86A-1140-EA7C-93494FDE5C2B}.Release|Any CPU.ActiveCfg = Release|Any CPU
		{75CA60A1-B86A-1140-EA7C-93494FDE5C2B}.Release|Any CPU.Build.0 = Release|Any CPU
	EndGlobalSection
	GlobalSection(SolutionProperties) = preSolution
		HideSolutionNode = FALSE
	EndGlobalSection
	GlobalSection(MonoDevelopProperties) = preSolution
		StartupItem = Assembly-CSharp.csproj
	EndGlobalSection
EndGlobal
