
Microsoft Visual Studio Solution File, Format Version 12.00
# Visual Studio 2015
Project("{FAE04EC0-301F-11D3-BF4B-00C04F79EFBC}") = "NanuGong.CSharp.Plugins", "NanuGong.CSharp.Plugins.csproj", "{8D6B06F3-187B-DC6F-B077-629DDEE3CB18}"
EndProject
Project("{FAE04EC0-301F-11D3-BF4B-00C04F79EFBC}") = "NanuGong.CSharp", "NanuGong.CSharp.csproj", "{C72A6242-D433-3AB3-8F70-8210C063BECB}"
EndProject
Project("{FAE04EC0-301F-11D3-BF4B-00C04F79EFBC}") = "NanuGong.CSharp.Editor", "NanuGong.CSharp.Editor.csproj", "{3C12EB6C-1F4E-7DB1-72B0-68F7295B7F6D}"
EndProject
Global
	GlobalSection(SolutionConfigurationPlatforms) = preSolution
		Debug|Any CPU = Debug|Any CPU
		Release|Any CPU = Release|Any CPU
	EndGlobalSection
	GlobalSection(ProjectConfigurationPlatforms) = postSolution
		{8D6B06F3-187B-DC6F-B077-629DDEE3CB18}.Debug|Any CPU.ActiveCfg = Debug|Any CPU
		{8D6B06F3-187B-DC6F-B077-629DDEE3CB18}.Debug|Any CPU.Build.0 = Debug|Any CPU
		{8D6B06F3-187B-DC6F-B077-629DDEE3CB18}.Release|Any CPU.ActiveCfg = Release|Any CPU
		{8D6B06F3-187B-DC6F-B077-629DDEE3CB18}.Release|Any CPU.Build.0 = Release|Any CPU
		{C72A6242-D433-3AB3-8F70-8210C063BECB}.Debug|Any CPU.ActiveCfg = Debug|Any CPU
		{C72A6242-D433-3AB3-8F70-8210C063BECB}.Debug|Any CPU.Build.0 = Debug|Any CPU
		{C72A6242-D433-3AB3-8F70-8210C063BECB}.Release|Any CPU.ActiveCfg = Release|Any CPU
		{C72A6242-D433-3AB3-8F70-8210C063BECB}.Release|Any CPU.Build.0 = Release|Any CPU
		{3C12EB6C-1F4E-7DB1-72B0-68F7295B7F6D}.Debug|Any CPU.ActiveCfg = Debug|Any CPU
		{3C12EB6C-1F4E-7DB1-72B0-68F7295B7F6D}.Debug|Any CPU.Build.0 = Debug|Any CPU
		{3C12EB6C-1F4E-7DB1-72B0-68F7295B7F6D}.Release|Any CPU.ActiveCfg = Release|Any CPU
		{3C12EB6C-1F4E-7DB1-72B0-68F7295B7F6D}.Release|Any CPU.Build.0 = Release|Any CPU
	EndGlobalSection
	GlobalSection(SolutionProperties) = preSolution
		HideSolutionNode = FALSE
	EndGlobalSection
EndGlobal
